// !$*UTF8*$!
{
	archiveVersion = 1;
	classes = {
	};
	objectVersion = 46;
	objects = {

/* Begin PBXBuildFile section */
		072DB3471EE6B75200FB10EA /* ImageDownloader.swift in Sources */ = {isa = PBXBuildFile; fileRef = 072DB3461EE6B75200FB10EA /* ImageDownloader.swift */; };
		073DD0161ED7FBC300AAD8FA /* AppDelegate.swift in Sources */ = {isa = PBXBuildFile; fileRef = 073DD0151ED7FBC300AAD8FA /* AppDelegate.swift */; };
		073DD0181ED7FBC300AAD8FA /* ViewController.swift in Sources */ = {isa = PBXBuildFile; fileRef = 073DD0171ED7FBC300AAD8FA /* ViewController.swift */; };
		073DD01B1ED7FBC300AAD8FA /* Main.storyboard in Resources */ = {isa = PBXBuildFile; fileRef = 073DD0191ED7FBC300AAD8FA /* Main.storyboard */; };
		073DD01D1ED7FBC300AAD8FA /* Assets.xcassets in Resources */ = {isa = PBXBuildFile; fileRef = 073DD01C1ED7FBC300AAD8FA /* Assets.xcassets */; };
		073DD0201ED7FBC300AAD8FA /* LaunchScreen.storyboard in Resources */ = {isa = PBXBuildFile; fileRef = 073DD01E1ED7FBC300AAD8FA /* LaunchScreen.storyboard */; };
		073DD0281ED7FC4F00AAD8FA /* FlikrCell.swift in Sources */ = {isa = PBXBuildFile; fileRef = 073DD0271ED7FC4F00AAD8FA /* FlikrCell.swift */; };
		073DD02A1ED7FCAC00AAD8FA /* FlikrData.swift in Sources */ = {isa = PBXBuildFile; fileRef = 073DD0291ED7FCAC00AAD8FA /* FlikrData.swift */; };
		073DD02C1ED801E000AAD8FA /* RequestSender.swift in Sources */ = {isa = PBXBuildFile; fileRef = 073DD02B1ED801E000AAD8FA /* RequestSender.swift */; };
/* End PBXBuildFile section */

/* Begin PBXFileReference section */
		072DB3461EE6B75200FB10EA /* ImageDownloader.swift */ = {isa = PBXFileReference; fileEncoding = 4; lastKnownFileType = sourcecode.swift; path = ImageDownloader.swift; sourceTree = "<group>"; };
		073DD0121ED7FBC300AAD8FA /* FlikrSearch.app */ = {isa = PBXFileReference; explicitFileType = wrapper.application; includeInIndex = 0; path = FlikrSearch.app; sourceTree = BUILT_PRODUCTS_DIR; };
		073DD0151ED7FBC300AAD8FA /* AppDelegate.swift */ = {isa = PBXFileReference; lastKnownFileType = sourcecode.swift; path = AppDelegate.swift; sourceTree = "<group>"; };
		073DD0171ED7FBC300AAD8FA /* ViewController.swift */ = {isa = PBXFileReference; lastKnownFileType = sourcecode.swift; path = ViewController.swift; sourceTree = "<group>"; };
		073DD01A1ED7FBC300AAD8FA /* Base */ = {isa = PBXFileReference; lastKnownFileType = file.storyboard; name = Base; path = Base.lproj/Main.storyboard; sourceTree = "<group>"; };
		073DD01C1ED7FBC300AAD8FA /* Assets.xcassets */ = {isa = PBXFileReference; lastKnownFileType = folder.assetcatalog; path = Assets.xcassets; sourceTree = "<group>"; };
		073DD01F1ED7FBC300AAD8FA /* Base */ = {isa = PBXFileReference; lastKnownFileType = file.storyboard; name = Base; path = Base.lproj/LaunchScreen.storyboard; sourceTree = "<group>"; };
		073DD0211ED7FBC300AAD8FA /* Info.plist */ = {isa = PBXFileReference; lastKnownFileType = text.plist.xml; path = Info.plist; sourceTree = "<group>"; };
		073DD0271ED7FC4F00AAD8FA /* FlikrCell.swift */ = {isa = PBXFileReference; fileEncoding = 4; lastKnownFileType = sourcecode.swift; path = FlikrCell.swift; sourceTree = "<group>"; };
		073DD0291ED7FCAC00AAD8FA /* FlikrData.swift */ = {isa = PBXFileReference; fileEncoding = 4; lastKnownFileType = sourcecode.swift; path = FlikrData.swift; sourceTree = "<group>"; };
		073DD02B1ED801E000AAD8FA /* RequestSender.swift */ = {isa = PBXFileReference; fileEncoding = 4; lastKnownFileType = sourcecode.swift; path = RequestSender.swift; sourceTree = "<group>"; };
/* End PBXFileReference section */

/* Begin PBXFrameworksBuildPhase section */
		073DD00F1ED7FBC300AAD8FA /* Frameworks */ = {
			isa = PBXFrameworksBuildPhase;
			buildActionMask = 2147483647;
			files = (
			);
			runOnlyForDeploymentPostprocessing = 0;
		};
/* End PBXFrameworksBuildPhase section */

/* Begin PBXGroup section */
		073DD0091ED7FBC300AAD8FA = {
			isa = PBXGroup;
			children = (
				073DD0141ED7FBC300AAD8FA /* FlikrSearch */,
				073DD0131ED7FBC300AAD8FA /* Products */,
			);
			sourceTree = "<group>";
		};
		073DD0131ED7FBC300AAD8FA /* Products */ = {
			isa = PBXGroup;
			children = (
				073DD0121ED7FBC300AAD8FA /* FlikrSearch.app */,
			);
			name = Products;
			sourceTree = "<group>";
		};
		073DD0141ED7FBC300AAD8FA /* FlikrSearch */ = {
			isa = PBXGroup;
			children = (
				073DD0151ED7FBC300AAD8FA /* AppDelegate.swift */,
				073DD0171ED7FBC300AAD8FA /* ViewController.swift */,
				073DD0191ED7FBC300AAD8FA /* Main.storyboard */,
				073DD01C1ED7FBC300AAD8FA /* Assets.xcassets */,
				073DD01E1ED7FBC300AAD8FA /* LaunchScreen.storyboard */,
				073DD0211ED7FBC300AAD8FA /* Info.plist */,
				073DD0271ED7FC4F00AAD8FA /* FlikrCell.swift */,
				073DD0291ED7FCAC00AAD8FA /* FlikrData.swift */,
				073DD02B1ED801E000AAD8FA /* RequestSender.swift */,
				072DB3461EE6B75200FB10EA /* ImageDownloader.swift */,
			);
			path = FlikrSearch;
			sourceTree = "<group>";
		};
/* End PBXGroup section */

/* Begin PBXNativeTarget section */
		073DD0111ED7FBC300AAD8FA /* FlikrSearch */ = {
			isa = PBXNativeTarget;
			buildConfigurationList = 073DD0241ED7FBC300AAD8FA /* Build configuration list for PBXNativeTarget "FlikrSearch" */;
			buildPhases = (
				073DD00E1ED7FBC300AAD8FA /* Sources */,
				073DD00F1ED7FBC300AAD8FA /* Frameworks */,
				073DD0101ED7FBC300AAD8FA /* Resources */,
			);
			buildRules = (
			);
			dependencies = (
			);
			name = FlikrSearch;
			productName = FlikrSearch;
			productReference = 073DD0121ED7FBC300AAD8FA /* FlikrSearch.app */;
			productType = "com.apple.product-type.application";
		};
/* End PBXNativeTarget section */

/* Begin PBXProject section */
		073DD00A1ED7FBC300AAD8FA /* Project object */ = {
			isa = PBXProject;
			attributes = {
				LastSwiftUpdateCheck = 0830;
				LastUpgradeCheck = 0830;
				ORGANIZATIONNAME = Flikr;
				TargetAttributes = {
					073DD0111ED7FBC300AAD8FA = {
						CreatedOnToolsVersion = 8.3.2;
						DevelopmentTeam = 84P532SL7C;
						ProvisioningStyle = Automatic;
					};
				};
			};
			buildConfigurationList = 073DD00D1ED7FBC300AAD8FA /* Build configuration list for PBXProject "FlikrSearch" */;
			compatibilityVersion = "Xcode 3.2";
			developmentRegion = English;
			hasScannedForEncodings = 0;
			knownRegions = (
				en,
				Base,
			);
			mainGroup = 073DD0091ED7FBC300AAD8FA;
			productRefGroup = 073DD0131ED7FBC300AAD8FA /* Products */;
			projectDirPath = "";
			projectRoot = "";
			targets = (
				073DD0111ED7FBC300AAD8FA /* FlikrSearch */,
			);
		};
/* End PBXProject section */

/* Begin PBXResourcesBuildPhase section */
		073DD0101ED7FBC300AAD8FA /* Resources */ = {
			isa = PBXResourcesBuildPhase;
			buildActionMask = 2147483647;
			files = (
				073DD0201ED7FBC300AAD8FA /* LaunchScreen.storyboard in Resources */,
				073DD01D1ED7FBC300AAD8FA /* Assets.xcassets in Resources */,
				073DD01B1ED7FBC300AAD8FA /* Main.storyboard in Resources */,
			);
			runOnlyForDeploymentPostprocessing = 0;
		};
/* End PBXResourcesBuildPhase section */

/* Begin PBXSourcesBuildPhase section */
		073DD00E1ED7FBC300AAD8FA /* Sources */ = {
			isa = PBXSourcesBuildPhase;
			buildActionMask = 2147483647;
			files = (
				073DD02A1ED7FCAC00AAD8FA /* FlikrData.swift in Sources */,
				073DD0181ED7FBC300AAD8FA /* ViewController.swift in Sources */,
				073DD02C1ED801E000AAD8FA /* RequestSender.swift in Sources */,
				073DD0281ED7FC4F00AAD8FA /* FlikrCell.swift in Sources */,
				072DB3471EE6B75200FB10EA /* ImageDownloader.swift in Sources */,
				073DD0161ED7FBC300AAD8FA /* AppDelegate.swift in Sources */,
			);
			runOnlyForDeploymentPostprocessing = 0;
		};
/* End PBXSourcesBuildPhase section */

/* Begin PBXVariantGroup section */
		073DD0191ED7FBC300AAD8FA /* Main.storyboard */ = {
			isa = PBXVariantGroup;
			children = (
				073DD01A1ED7FBC300AAD8FA /* Base */,
			);
			name = Main.storyboard;
			sourceTree = "<group>";
		};
		073DD01E1ED7FBC300AAD8FA /* LaunchScreen.storyboard */ = {
			isa = PBXVariantGroup;
			children = (
				073DD01F1ED7FBC300AAD8FA /* Base */,
			);
			name = LaunchScreen.storyboard;
			sourceTree = "<group>";
		};
/* End PBXVariantGroup section */

/* Begin XCBuildConfiguration section */
		073DD0221ED7FBC300AAD8FA /* Debug */ = {
			isa = XCBuildConfiguration;
			buildSettings = {
				ALWAYS_SEARCH_USER_PATHS = NO;
				CLANG_ANALYZER_NONNULL = YES;
				CLANG_ANALYZER_NUMBER_OBJECT_CONVERSION = YES_AGGRESSIVE;
				CLANG_CXX_LANGUAGE_STANDARD = "gnu++0x";
				CLANG_CXX_LIBRARY = "libc++";
				CLANG_ENABLE_MODULES = YES;
				CLANG_ENABLE_OBJC_ARC = YES;
				CLANG_WARN_BOOL_CONVERSION = YES;
				CLANG_WARN_CONSTANT_CONVERSION = YES;
				CLANG_WARN_DIRECT_OBJC_ISA_USAGE = YES_ERROR;
				CLANG_WARN_DOCUMENTATION_COMMENTS = YES;
				CLANG_WARN_EMPTY_BODY = YES;
				CLANG_WARN_ENUM_CONVERSION = YES;
				CLANG_WARN_INFINITE_RECURSION = YES;
				CLANG_WARN_INT_CONVERSION = YES;
				CLANG_WARN_OBJC_ROOT_CLASS = YES_ERROR;
				CLANG_WARN_SUSPICIOUS_MOVE = YES;
				CLANG_WARN_UNREACHABLE_CODE = YES;
				CLANG_WARN__DUPLICATE_METHOD_MATCH = YES;
				"CODE_SIGN_IDENTITY[sdk=iphoneos*]" = "iPhone Developer";
				COPY_PHASE_STRIP = NO;
				DEBUG_INFORMATION_FORMAT = dwarf;
				ENABLE_STRICT_OBJC_MSGSEND = YES;
				ENABLE_TESTABILITY = YES;
				GCC_C_LANGUAGE_STANDARD = gnu99;
				GCC_DYNAMIC_NO_PIC = NO;
				GCC_NO_COMMON_BLOCKS = YES;
				GCC_OPTIMIZATION_LEVEL = 0;
				GCC_PREPROCESSOR_DEFINITIONS = (
					"DEBUG=1",
					"$(inherited)",
				);
				GCC_WARN_64_TO_32_BIT_CONVERSION = YES;
				GCC_WARN_ABOUT_RETURN_TYPE = YES_ERROR;
				GCC_WARN_UNDECLARED_SELECTOR = YES;
				GCC_WARN_UNINITIALIZED_AUTOS = YES_AGGRESSIVE;
				GCC_WARN_UNUSED_FUNCTION = YES;
				GCC_WARN_UNUSED_VARIABLE = YES;
				IPHONEOS_DEPLOYMENT_TARGET = 10.3;
				MTL_ENABLE_DEBUG_INFO = YES;
				ONLY_ACTIVE_ARCH = YES;
				SDKROOT = iphoneos;
				SWIFT_ACTIVE_COMPILATION_CONDITIONS = DEBUG;
				SWIFT_OPTIMIZATION_LEVEL = "-Onone";
			};
			name = Debug;
		};
		073DD0231ED7FBC300AAD8FA /* Release */ = {
			isa = XCBuildConfiguration;
			buildSettings = {
				ALWAYS_SEARCH_USER_PATHS = NO;
				CLANG_ANALYZER_NONNULL = YES;
				CLANG_ANALYZER_NUMBER_OBJECT_CONVERSION = YES_AGGRESSIVE;
				CLANG_CXX_LANGUAGE_STANDARD = "gnu++0x";
				CLANG_CXX_LIBRARY = "libc++";
				CLANG_ENABLE_MODULES = YES;
				CLANG_ENABLE_OBJC_ARC = YES;
				CLANG_WARN_BOOL_CONVERSION = YES;
				CLANG_WARN_CONSTANT_CONVERSION = YES;
				CLANG_WARN_DIRECT_OBJC_ISA_USAGE = YES_ERROR;
				CLANG_WARN_DOCUMENTATION_COMMENTS = YES;
				CLANG_WARN_EMPTY_BODY = YES;
				CLANG_WARN_ENUM_CONVERSION = YES;
				CLANG_WARN_INFINITE_RECURSION = YES;
				CLANG_WARN_INT_CONVERSION = YES;
				CLANG_WARN_OBJC_ROOT_CLASS = YES_ERROR;
				CLANG_WARN_SUSPICIOUS_MOVE = YES;
				CLANG_WARN_UNREACHABLE_CODE = YES;
				CLANG_WARN__DUPLICATE_METHOD_MATCH = YES;
				"CODE_SIGN_IDENTITY[sdk=iphoneos*]" = "iPhone Developer";
				COPY_PHASE_STRIP = NO;
				DEBUG_INFORMATION_FORMAT = "dwarf-with-dsym";
				ENABLE_NS_ASSERTIONS = NO;
				ENABLE_STRICT_OBJC_MSGSEND = YES;
				GCC_C_LANGUAGE_STANDARD = gnu99;
				GCC_NO_COMMON_BLOCKS = YES;
				GCC_WARN_64_TO_32_BIT_CONVERSION = YES;
				GCC_WARN_ABOUT_RETURN_TYPE = YES_ERROR;
				GCC_WARN_UNDECLARED_SELECTOR = YES;
				GCC_WARN_UNINITIALIZED_AUTOS = YES_AGGRESSIVE;
				GCC_WARN_UNUSED_FUNCTION = YES;
				GCC_WARN_UNUSED_VARIABLE = YES;
				IPHONEOS_DEPLOYMENT_TARGET = 10.3;
				MTL_ENABLE_DEBUG_INFO = NO;
				SDKROOT = iphoneos;
				SWIFT_OPTIMIZATION_LEVEL = "-Owholemodule";
				VALIDATE_PRODUCT = YES;
			};
			name = Release;
		};
		073DD0251ED7FBC300AAD8FA /* Debug */ = {
			isa = XCBuildConfiguration;
			buildSettings = {
				ASSETCATALOG_COMPILER_APPICON_NAME = AppIcon;
				CODE_SIGN_IDENTITY = "";
				"CODE_SIGN_IDENTITY[sdk=iphoneos*]" = "iPhone Developer";
				DEVELOPMENT_TEAM = 84P532SL7C;
				INFOPLIST_FILE = FlikrSearch/Info.plist;
				IPHONEOS_DEPLOYMENT_TARGET = 10.1;
				LD_RUNPATH_SEARCH_PATHS = "$(inherited) @executable_path/Frameworks";
				PRODUCT_BUNDLE_IDENTIFIER = com.zoomcar.Zoomcar;
				PRODUCT_NAME = "$(TARGET_NAME)";
				PROVISIONING_PROFILE = "";
				PROVISIONING_PROFILE_SPECIFIER = "";
				SWIFT_VERSION = 3.0;
			};
			name = Debug;
		};
		073DD0261ED7FBC300AAD8FA /* Release */ = {
			isa = XCBuildConfiguration;
			buildSettings = {
				ASSETCATALOG_COMPILER_APPICON_NAME = AppIcon;
				CODE_SIGN_IDENTITY = "iPhone Developer";
				"CODE_SIGN_IDENTITY[sdk=iphoneos*]" = "iPhone Developer";
				DEVELOPMENT_TEAM = 84P532SL7C;
				INFOPLIST_FILE = FlikrSearch/Info.plist;
				IPHONEOS_DEPLOYMENT_TARGET = 10.1;
				LD_RUNPATH_SEARCH_PATHS = "$(inherited) @executable_path/Frameworks";
				PRODUCT_BUNDLE_IDENTIFIER = com.zoomcar.Zoomcar;
				PRODUCT_NAME = "$(TARGET_NAME)";
				PROVISIONING_PROFILE = "";
				PROVISIONING_PROFILE_SPECIFIER = "";
				SWIFT_VERSION = 3.0;
			};
			name = Release;
		};
/* End XCBuildConfiguration section */

/* Begin XCConfigurationList section */
		073DD00D1ED7FBC300AAD8FA /* Build configuration list for PBXProject "FlikrSearch" */ = {
			isa = XCConfigurationList;
			buildConfigurations = (
				073DD0221ED7FBC300AAD8FA /* Debug */,
				073DD0231ED7FBC300AAD8FA /* Release */,
			);
			defaultConfigurationIsVisible = 0;
			defaultConfigurationName = Release;
		};
		073DD0241ED7FBC300AAD8FA /* Build configuration list for PBXNativeTarget "FlikrSearch" */ = {
			isa = XCConfigurationList;
			buildConfigurations = (
				073DD0251ED7FBC300AAD8FA /* Debug */,
				073DD0261ED7FBC300AAD8FA /* Release */,
			);
			defaultConfigurationIsVisible = 0;
			defaultConfigurationName = Release;
		};
/* End XCConfigurationList section */
	};
	rootObject = 073DD00A1ED7FBC300AAD8FA /* Project object */;
}
